# This file is automatically @generated by Cargo.
# It is not intended for manual editing.
version = 4

[[package]]
name = "tinyexpression-rs"
version = "0.1.0"
dependencies = [
 "unlaxer-runtime",
]

[[package]]
name = "unlaxer-runtime"
version = "0.1.0"
source = "git+https://github.com/opaopa6969/unlaxer-parser.git?rev=77b3ca1b59f6e50d31c455a8a8c9930bc8fce3d5#77b3ca1b59f6e50d31c455a8a8c9930bc8fce3d5"
